
Microsoft Visual Studio Solution File, Format Version 12.00
# Visual Studio 15
VisualStudioVersion = 15.0.28307.421
MinimumVisualStudioVersion = 10.0.40219.1
Project("{FAE04EC0-301F-11D3-BF4B-00C04F79EFBC}") = "UsersCrudApp", "UsersCrudApp\UsersCrudApp.csproj", "{0D05A439-0BA6-45C5-9EDA-42E06D89FEA6}"
EndProject
Project("{FAE04EC0-301F-11D3-BF4B-00C04F79EFBC}") = "UsersCrudApp.WebUI", "UsersCrudApp.WebUI\UsersCrudApp.WebUI.csproj", "{DC8EDD52-8799-442F-B5FB-6F4C385B765E}"
EndProject
Global
	GlobalSection(SolutionConfigurationPlatforms) = preSolution
		Debug|Any CPU = Debug|Any CPU
		Release|Any CPU = Release|Any CPU
	EndGlobalSection
	GlobalSection(ProjectConfigurationPlatforms) = postSolution
		{0D05A439-0BA6-45C5-9EDA-42E06D89FEA6}.Debug|Any CPU.ActiveCfg = Debug|Any CPU
		{0D05A439-0BA6-45C5-9EDA-42E06D89FEA6}.Debug|Any CPU.Build.0 = Debug|Any CPU
		{0D05A439-0BA6-45C5-9EDA-42E06D89FEA6}.Release|Any CPU.ActiveCfg = Release|Any CPU
		{0D05A439-0BA6-45C5-9EDA-42E06D89FEA6}.Release|Any CPU.Build.0 = Release|Any CPU
		{DC8EDD52-8799-442F-B5FB-6F4C385B765E}.Debug|Any CPU.ActiveCfg = Debug|Any CPU
		{DC8EDD52-8799-442F-B5FB-6F4C385B765E}.Debug|Any CPU.Build.0 = Debug|Any CPU
		{DC8EDD52-8799-442F-B5FB-6F4C385B765E}.Release|Any CPU.ActiveCfg = Release|Any CPU
		{DC8EDD52-8799-442F-B5FB-6F4C385B765E}.Release|Any CPU.Build.0 = Release|Any CPU
	EndGlobalSection
	GlobalSection(SolutionProperties) = preSolution
		HideSolutionNode = FALSE
	EndGlobalSection
	GlobalSection(ExtensibilityGlobals) = postSolution
		SolutionGuid = {4B2F2481-D1B1-4D6E-8A3C-0CD3A87BA4B9}
	EndGlobalSection
EndGlobal
